
Microsoft Visual Studio Solution File, Format Version 12.00
# Visual Studio Version 17
VisualStudioVersion = 17.9.34728.123
MinimumVisualStudioVersion = 10.0.40219.1
Project("{FAE04EC0-301F-11D3-BF4B-00C04F79EFBC}") = "PryEtapa3", "PryEtapa3.csproj", "{867D6CAF-8CE6-4B68-AFD4-C1530C4E98E0}"
EndProject
Global
	GlobalSection(SolutionConfigurationPlatforms) = preSolution
		Debug|Any CPU = Debug|Any CPU
		Release|Any CPU = Release|Any CPU
	EndGlobalSection
	GlobalSection(ProjectConfigurationPlatforms) = postSolution
		{867D6CAF-8CE6-4B68-AFD4-C1530C4E98E0}.Debug|Any CPU.ActiveCfg = Debug|Any CPU
		{867D6CAF-8CE6-4B68-AFD4-C1530C4E98E0}.Debug|Any CPU.Build.0 = Debug|Any CPU
		{867D6CAF-8CE6-4B68-AFD4-C1530C4E98E0}.Release|Any CPU.ActiveCfg = Release|Any CPU
		{867D6CAF-8CE6-4B68-AFD4-C1530C4E98E0}.Release|Any CPU.Build.0 = Release|Any CPU
	EndGlobalSection
	GlobalSection(SolutionProperties) = preSolution
		HideSolutionNode = FALSE
	EndGlobalSection
	GlobalSection(ExtensibilityGlobals) = postSolution
		SolutionGuid = {ED4A31A8-323F-44F5-8E5D-9B0883FA48CC}
	EndGlobalSection
EndGlobal
